// !$*UTF8*$!
{
	archiveVersion = 1;
	classes = {
	};
	objectVersion = 56;
	objects = {

/* Begin PBXBuildFile section */
		A10000010000000000000001 /* StarterAppApp.swift in Sources */ = {isa = PBXBuildFile; fileRef = A10000020000000000000001 /* StarterAppApp.swift */; };
		A10000010000000000000002 /* HabitListView.swift in Sources */ = {isa = PBXBuildFile; fileRef = A10000020000000000000002 /* HabitListView.swift */; };
		A10000010000000000000003 /* Habit.swift in Sources */ = {isa = PBXBuildFile; fileRef = A10000020000000000000003 /* Habit.swift */; };
		A10000010000000000000004 /* HabitStore.swift in Sources */ = {isa = PBXBuildFile; fileRef = A10000020000000000000004 /* HabitStore.swift */; };
		A10000010000000000000005 /* Assets.xcassets in Resources */ = {isa = PBXBuildFile; fileRef = A10000020000000000000005 /* Assets.xcassets */; };
/* End PBXBuildFile section */

/* Begin PBXFileReference section */
		A10000020000000000000001 /* StarterAppApp.swift */ = {isa = PBXFileReference; lastKnownFileType = sourcecode.swift; path = StarterAppApp.swift; sourceTree = "<group>"; };
		A10000020000000000000002 /* HabitListView.swift */ = {isa = PBXFileReference; lastKnownFileType = sourcecode.swift; path = HabitListView.swift; sourceTree = "<group>"; };
		A10000020000000000000003 /* Habit.swift */ = {isa = PBXFileReference; lastKnownFileType = sourcecode.swift; path = Habit.swift; sourceTree = "<group>"; };
		A10000020000000000000004 /* HabitStore.swift */ = {isa = PBXFileReference; lastKnownFileType = sourcecode.swift; path = HabitStore.swift; sourceTree = "<group>"; };
		A10000020000000000000005 /* Assets.xcassets */ = {isa = PBXFileReference; lastKnownFileType = folder.assetcatalog; path = Assets.xcassets; sourceTree = "<group>"; };
		A10000030000000000000001 /* StarterApp.app */ = {isa = PBXFileReference; explicitFileType = wrapper.application; includeInIndex = 0; path = StarterApp.app; sourceTree = BUILT_PRODUCTS_DIR; };
/* End PBXFileReference section */

/* Begin PBXFrameworksBuildPhase section */
		A10000040000000000000001 /* Frameworks */ = {
			isa = PBXFrameworksBuildPhase;
			buildActionMask = 2147483647;
			files = (
			);
			runOnlyForDeploymentPostprocessing = 0;
		};
/* End PBXFrameworksBuildPhase section */

/* Begin PBXGroup section */
		A10000050000000000000001 = {
			isa = PBXGroup;
			children = (
				A10000050000000000000002 /* StarterApp */,
				A10000050000000000000003 /* Products */,
			);
			sourceTree = "<group>";
		};
		A10000050000000000000002 /* StarterApp */ = {
			isa = PBXGroup;
			children = (
				A10000020000000000000001 /* StarterAppApp.swift */,
				A10000050000000000000004 /* Models */,
				A10000050000000000000005 /* ViewModels */,
				A10000050000000000000006 /* Views */,
				A10000020000000000000005 /* Assets.xcassets */,
			);
			path = StarterApp;
			sourceTree = "<group>";
		};
		A10000050000000000000003 /* Products */ = {
			isa = PBXGroup;
			children = (
				A10000030000000000000001 /* StarterApp.app */,
			);
			name = Products;
			sourceTree = "<group>";
		};
		A10000050000000000000004 /* Models */ = {
			isa = PBXGroup;
			children = (
				A10000020000000000000003 /* Habit.swift */,
			);
			path = Models;
			sourceTree = "<group>";
		};
		A10000050000000000000005 /* ViewModels */ = {
			isa = PBXGroup;
			children = (
				A10000020000000000000004 /* HabitStore.swift */,
			);
			path = ViewModels;
			sourceTree = "<group>";
		};
		A10000050000000000000006 /* Views */ = {
			isa = PBXGroup;
			children = (
				A10000020000000000000002 /* HabitListView.swift */,
			);
			path = Views;
			sourceTree = "<group>";
		};
/* End PBXGroup section */

/* Begin PBXNativeTarget section */
		A10000060000000000000001 /* StarterApp */ = {
			isa = PBXNativeTarget;
			buildConfigurationList = A10000090000000000000001 /* Build configuration list for PBXNativeTarget "StarterApp" */;
			buildPhases = (
				A10000070000000000000001 /* Sources */,
				A10000040000000000000001 /* Frameworks */,
				A10000080000000000000001 /* Resources */,
			);
			buildRules = (
			);
			dependencies = (
			);
			name = StarterApp;
			productName = StarterApp;
			productReference = A10000030000000000000001 /* StarterApp.app */;
			productType = "com.apple.product-type.application";
		};
/* End PBXNativeTarget section */

/* Begin PBXProject section */
		A100000A0000000000000001 /* Project object */ = {
			isa = PBXProject;
			attributes = {
				BuildIndependentTargetsInParallel = 1;
				LastSwiftUpdateCheck = 1600;
				LastUpgradeCheck = 1600;
				TargetAttributes = {
					A10000060000000000000001 = {
						CreatedOnToolsVersion = 16.0;
					};
				};
			};
			buildConfigurationList = A10000090000000000000002 /* Build configuration list for PBXProject "StarterApp" */;
			compatibilityVersion = "Xcode 14.0";
			developmentRegion = en;
			hasScannedForEncodings = 0;
			knownRegions = (
				en,
				Base,
			);
			mainGroup = A10000050000000000000001;
			productRefGroup = A10000050000000000000003 /* Products */;
			projectDirPath = "";
			projectRoot = "";
			targets = (
				A10000060000000000000001 /* StarterApp */,
			);
		};
/* End PBXProject section */

/* Begin PBXResourcesBuildPhase section */
		A10000080000000000000001 /* Resources */ = {
			isa = PBXResourcesBuildPhase;
			buildActionMask = 2147483647;
			files = (
				A10000010000000000000005 /* Assets.xcassets in Resources */,
			);
			runOnlyForDeploymentPostprocessing = 0;
		};
/* End PBXResourcesBuildPhase section */

/* Begin PBXSourcesBuildPhase section */
		A10000070000000000000001 /* Sources */ = {
			isa = PBXSourcesBuildPhase;
			buildActionMask = 2147483647;
			files = (
				A10000010000000000000001 /* StarterAppApp.swift in Sources */,
				A10000010000000000000002 /* HabitListView.swift in Sources */,
				A10000010000000000000003 /* Habit.swift in Sources */,
				A10000010000000000000004 /* HabitStore.swift in Sources */,
			);
			runOnlyForDeploymentPostprocessing = 0;
		};
/* End PBXSourcesBuildPhase section */

/* Begin XCBuildConfiguration section */
		A100000B0000000000000001 /* Debug */ = {
			isa = XCBuildConfiguration;
			buildSettings = {
				ALWAYS_SEARCH_USER_PATHS = NO;
				CLANG_ENABLE_MODULES = YES;
				COPY_PHASE_STRIP = NO;
				DEBUG_INFORMATION_FORMAT = dwarf;
				ENABLE_TESTABILITY = YES;
				GCC_DYNAMIC_NO_PIC = NO;
				GCC_OPTIMIZATION_LEVEL = 0;
				GCC_PREPROCESSOR_DEFINITIONS = (
					"DEBUG=1",
					"$(inherited)",
				);
				IPHONEOS_DEPLOYMENT_TARGET = 17.0;
				MTL_ENABLE_DEBUG_INFO = INCLUDE_SOURCE;
				ONLY_ACTIVE_ARCH = YES;
				SDKROOT = iphoneos;
				SWIFT_ACTIVE_COMPILATION_CONDITIONS = DEBUG;
				SWIFT_OPTIMIZATION_LEVEL = "-Onone";
			};
			name = Debug;
		};
		A100000B0000000000000002 /* Release */ = {
			isa = XCBuildConfiguration;
			buildSettings = {
				ALWAYS_SEARCH_USER_PATHS = NO;
				CLANG_ENABLE_MODULES = YES;
				COPY_PHASE_STRIP = NO;
				DEBUG_INFORMATION_FORMAT = "dwarf-with-dsym";
				IPHONEOS_DEPLOYMENT_TARGET = 17.0;
				SDKROOT = iphoneos;
				SWIFT_COMPILATION_MODE = wholemodule;
				VALIDATE_PRODUCT = YES;
			};
			name = Release;
		};
		A100000B0000000000000003 /* Debug */ = {
			isa = XCBuildConfiguration;
			buildSettings = {
				ASSETCATALOG_COMPILER_APPICON_NAME = AppIcon;
				CODE_SIGN_STYLE = Automatic;
				CURRENT_PROJECT_VERSION = 1;
				DEVELOPMENT_TEAM = "";
				GENERATE_INFOPLIST_FILE = YES;
				INFOPLIST_KEY_UIApplicationSceneManifest_Generation = YES;
				INFOPLIST_KEY_UILaunchScreen_Generation = YES;
				INFOPLIST_KEY_UISupportedInterfaceOrientations = UIInterfaceOrientationPortrait;
				LD_RUNPATH_SEARCH_PATHS = (
					"$(inherited)",
					"@executable_path/Frameworks",
				);
				MARKETING_VERSION = 1.0;
				PRODUCT_BUNDLE_IDENTIFIER = io.everytech.habitpeek;
				PRODUCT_NAME = "$(TARGET_NAME)";
				SWIFT_EMIT_LOC_STRINGS = YES;
				SWIFT_VERSION = 5.0;
				TARGETED_DEVICE_FAMILY = "1,2";
			};
			name = Debug;
		};
		A100000B0000000000000004 /* Release */ = {
			isa = XCBuildConfiguration;
			buildSettings = {
				ASSETCATALOG_COMPILER_APPICON_NAME = AppIcon;
				CODE_SIGN_STYLE = Automatic;
				CURRENT_PROJECT_VERSION = 1;
				DEVELOPMENT_TEAM = "";
				GENERATE_INFOPLIST_FILE = YES;
				INFOPLIST_KEY_UIApplicationSceneManifest_Generation = YES;
				INFOPLIST_KEY_UILaunchScreen_Generation = YES;
				INFOPLIST_KEY_UISupportedInterfaceOrientations = UIInterfaceOrientationPortrait;
				LD_RUNPATH_SEARCH_PATHS = (
					"$(inherited)",
					"@executable_path/Frameworks",
				);
				MARKETING_VERSION = 1.0;
				PRODUCT_BUNDLE_IDENTIFIER = io.everytech.habitpeek;
				PRODUCT_NAME = "$(TARGET_NAME)";
				SWIFT_EMIT_LOC_STRINGS = YES;
				SWIFT_VERSION = 5.0;
				TARGETED_DEVICE_FAMILY = "1,2";
			};
			name = Release;
		};
/* End XCBuildConfiguration section */

/* Begin XCConfigurationList section */
		A10000090000000000000001 /* Build configuration list for PBXNativeTarget "StarterApp" */ = {
			isa = XCConfigurationList;
			buildConfigurations = (
				A100000B0000000000000003 /* Debug */,
				A100000B0000000000000004 /* Release */,
			);
			defaultConfigurationIsVisible = 0;
			defaultConfigurationName = Release;
		};
		A10000090000000000000002 /* Build configuration list for PBXProject "StarterApp" */ = {
			isa = XCConfigurationList;
			buildConfigurations = (
				A100000B0000000000000001 /* Debug */,
				A100000B0000000000000002 /* Release */,
			);
			defaultConfigurationIsVisible = 0;
			defaultConfigurationName = Release;
		};
/* End XCConfigurationList section */
	};
	rootObject = A100000A0000000000000001 /* Project object */;
}
